{
  "name": "back-end",
  "lockfileVersion": 3,
  "requires": true,
  "packages": {
    "": {
      "dependencies": {
        "pytz": "^10.1.1"
      }
    },
    "node_modules/pytz": {
      "version": "10.1.1",
      "resolved": "https://registry.npmjs.org/pytz/-/pytz-10.1.1.tgz",
      "integrity": "sha512-JDRDd7T4Uft2Q2nTxSSViq6KCp8L2VQ0LYZaT2C2bj7AynAH/hBpTuQ5YY9SBFePXcRm8j2h0s5Zi1pOH1bVcQ==",
      "license": "ISC"
    }
  }
}
